
Microsoft Visual Studio Solution File, Format Version 12.00
# Visual Studio Version 16
VisualStudioVersion = 16.0.31105.61
MinimumVisualStudioVersion = 10.0.40219.1
Project("{FAE04EC0-301F-11D3-BF4B-00C04F79EFBC}") = "AboveTheGround.WebMVC", "AboveTheGround.WebMVC\AboveTheGround.WebMVC.csproj", "{31EF8B10-00C3-470B-95D2-8464238FB1CF}"
EndProject
Project("{FAE04EC0-301F-11D3-BF4B-00C04F79EFBC}") = "AboveTheGround.Data", "AboveTheGround.Data\AboveTheGround.Data.csproj", "{B49293FD-A8EC-4C1A-B578-13D17915EFC3}"
EndProject
Project("{FAE04EC0-301F-11D3-BF4B-00C04F79EFBC}") = "AboveTheGround.Models", "AboveTheGround.Models\AboveTheGround.Models.csproj", "{6BE35EEF-BB06-4001-A8EB-06EA8EFD087E}"
EndProject
Project("{FAE04EC0-301F-11D3-BF4B-00C04F79EFBC}") = "AboveTheGround.Services", "AboveTheGround.Services\AboveTheGround.Services.csproj", "{715D879A-A41B-430E-8043-832511ED15EF}"
EndProject
Global
	GlobalSection(SolutionConfigurationPlatforms) = preSolution
		Debug|Any CPU = Debug|Any CPU
		Release|Any CPU = Release|Any CPU
	EndGlobalSection
	GlobalSection(ProjectConfigurationPlatforms) = postSolution
		{31EF8B10-00C3-470B-95D2-8464238FB1CF}.Debug|Any CPU.ActiveCfg = Debug|Any CPU
		{31EF8B10-00C3-470B-95D2-8464238FB1CF}.Debug|Any CPU.Build.0 = Debug|Any CPU
		{31EF8B10-00C3-470B-95D2-8464238FB1CF}.Release|Any CPU.ActiveCfg = Release|Any CPU
		{31EF8B10-00C3-470B-95D2-8464238FB1CF}.Release|Any CPU.Build.0 = Release|Any CPU
		{B49293FD-A8EC-4C1A-B578-13D17915EFC3}.Debug|Any CPU.ActiveCfg = Debug|Any CPU
		{B49293FD-A8EC-4C1A-B578-13D17915EFC3}.Debug|Any CPU.Build.0 = Debug|Any CPU
		{B49293FD-A8EC-4C1A-B578-13D17915EFC3}.Release|Any CPU.ActiveCfg = Release|Any CPU
		{B49293FD-A8EC-4C1A-B578-13D17915EFC3}.Release|Any CPU.Build.0 = Release|Any CPU
		{6BE35EEF-BB06-4001-A8EB-06EA8EFD087E}.Debug|Any CPU.ActiveCfg = Debug|Any CPU
		{6BE35EEF-BB06-4001-A8EB-06EA8EFD087E}.Debug|Any CPU.Build.0 = Debug|Any CPU
		{6BE35EEF-BB06-4001-A8EB-06EA8EFD087E}.Release|Any CPU.ActiveCfg = Release|Any CPU
		{6BE35EEF-BB06-4001-A8EB-06EA8EFD087E}.Release|Any CPU.Build.0 = Release|Any CPU
		{715D879A-A41B-430E-8043-832511ED15EF}.Debug|Any CPU.ActiveCfg = Debug|Any CPU
		{715D879A-A41B-430E-8043-832511ED15EF}.Debug|Any CPU.Build.0 = Debug|Any CPU
		{715D879A-A41B-430E-8043-832511ED15EF}.Release|Any CPU.ActiveCfg = Release|Any CPU
		{715D879A-A41B-430E-8043-832511ED15EF}.Release|Any CPU.Build.0 = Release|Any CPU
	EndGlobalSection
	GlobalSection(SolutionProperties) = preSolution
		HideSolutionNode = FALSE
	EndGlobalSection
	GlobalSection(ExtensibilityGlobals) = postSolution
		SolutionGuid = {AD15D836-80A2-4E90-AD40-5BFC0679BBA6}
	EndGlobalSection
EndGlobal
